github.com/matryer/filedb v0.0.0-20141103144311-3641db67a8c9 h1:O2sPfMaBlsDuNxX6Y9zZ6vSBxHEI/NEKMsNbATtS/Dc=
github.com/matryer/filedb v0.0.0-20141103144311-3641db67a8c9/go.mod h1:KrO7nMbK2F+aqJLEd5oLdodnwITUynNCfyDOXeigQLY=
github.com/ryoukata/backup-go v0.0.0-20211229080450-6dc6f35e91af h1:sEOtM6wjgLM/LzsKYd8mArswn1GHd3DCzcjgqxPuJNU=
github.com/ryoukata/backup-go v0.0.0-20211229080450-6dc6f35e91af/go.mod h1:9XiLclyNfTZ43+Jx5LSUs4tG10qoEZHRJQWfU3sjMFU=
